github.com/golang/snappy v0.0.1 h1:Qgr9rKW7uDUkrbSmQeiDsGa8SjGyCOGtuasMWwvp2P4=
github.com/golang/snappy v0.0.1/go.mod h1:/XxbfmMg8lxefKM7IXC3fBNl/7bRcc72aCRzEWrmP2Q=
github.com/google/uuid v1.1.1 h1:Gkbcsh/GbpXz7lPftLA3P6TYMwjCLYm83jiFQZF/3gY=
github.com/google/uuid v1.1.1/go.mod h1:TIyPZe4MgqvfeYDBFedMoGGpEw/LqOeaOT+nhxU+yHo=
github.com/landoop/schema-registry v0.0.0-20190327143759-50a5701c1891 h1:FADDInPE0OtV85SKuJAGwcTiXwzyg2ztBqtUWA5EF04=
github.com/landoop/schema-registry v0.0.0-20190327143759-50a5701c1891/go.mod h1:yITyTTMx2IS5mpfZjQ64gJhL5U5RvcorFBu+z4/euXg=
github.com/linkedin/goavro v2.1.0+incompatible h1:DV2aUlj2xZiuxQyvag8Dy7zjY69ENjS66bWkSfdpddY=
github.com/linkedin/goavro v2.1.0+incompatible/go.mod h1:bBCwI2eGYpUI/4820s67MElg9tdeLbINjLjiM2xZFYM=
github.com/logrusorgru/aurora v0.0.0-20190428105938-cea283e61946 h1:z+WaKrgu3kCpcdnbK9YG+JThpOCd1nU5jO5ToVmSlR4=
github.com/logrusorgru/aurora v0.0.0-20190428105938-cea283e61946/go.mod h1:7rIyQOR62GCctdiQpZ/zOJlFyk6y+94wXzv6RNZgaR4=
github.com/logrusorgru/aurora v0.0.0-20191017060258-dc85c304c434 h1:im9kkmH0WWwxzegiv18gSUJbuXR9y028rXrWuPp6Jug=
github.com/logrusorgru/aurora v0.0.0-20191017060258-dc85c304c434/go.mod h1:7rIyQOR62GCctdiQpZ/zOJlFyk6y+94wXzv6RNZgaR4=
github.com/pickme-go/errors v2.0.0+incompatible h1:dmwLcpHAxhBlUZyvK8/OTmAgY7DXO4pTiF+bgeapRv0=
github.com/pickme-go/errors v2.0.0+incompatible/go.mod h1:o9yb7iTUAJgeHhkpxdx1xO+doIxdLzM1gh3NRAqqHuU=
github.com/pickme-go/log v1.2.3 h1:DVDGyhe6pKpVAYPfVN8G3W7TlhGzrG8r0obTJXLEOUU=
github.com/pickme-go/log v1.2.3/go.mod h1:7k8BN/9rsPLQwDNRI2iQ8aLO/Lm0WAIa0p+TBWYVor8=
github.com/pickme-go/log/v2 v2.0.1 h1:icYwqQ/W8Zi+IeLlc+4eG6FblwtpEAV/ZFnvlIys4+s=
github.com/pickme-go/log/v2 v2.0.1/go.mod h1:GKHJGQBd2aw/DiR01IdNff8+nsbaJPoTmvavqIg5Kgk=
github.com/pickme-go/traceable-context v1.0.0 h1:q9ZOf0MZIIzgwi2YKx5MOP++2vxlqZFck4XZxZubIwk=
github.com/pickme-go/traceable-context v1.0.0/go.mod h1:di3UG7gaOYqVRF3Q67+6ThEfIQvbebinon0tj+Epiuk=
gopkg.in/linkedin/goavro.v1 v1.0.5 h1:BJa69CDh0awSsLUmZ9+BowBdokpduDZSM9Zk8oKHfN4=
gopkg.in/linkedin/goavro.v1 v1.0.5/go.mod h1:Aw5GdAbizjOEl0kAMHV9iHmA8reZzW/OKuJAl4Hb9F0=
